
Microsoft Visual Studio Solution File, Format Version 12.00
# Visual Studio 15
VisualStudioVersion = 15.0.27130.2010
MinimumVisualStudioVersion = 10.0.40219.1
Project("{9A19103F-16F7-4668-BE54-9A1E7A4F7556}") = "Example.CoarseGrainedUTest", "Example.CoarseGrainedUTest\Example.CoarseGrainedUTest.csproj", "{FDF52BBA-5E23-432D-9791-B45CA5113005}"
EndProject
Project("{FAE04EC0-301F-11D3-BF4B-00C04F79EFBC}") = "Example.CoarseGrainedUTest.Tests", "Example.CoarseGrainedUTest.Tests\Example.CoarseGrainedUTest.Tests.csproj", "{6B882F45-A48A-490B-AF03-E2FC22F3DBAE}"
EndProject
Global
	GlobalSection(SolutionConfigurationPlatforms) = preSolution
		Debug|Any CPU = Debug|Any CPU
		Release|Any CPU = Release|Any CPU
	EndGlobalSection
	GlobalSection(ProjectConfigurationPlatforms) = postSolution
		{FDF52BBA-5E23-432D-9791-B45CA5113005}.Debug|Any CPU.ActiveCfg = Debug|Any CPU
		{FDF52BBA-5E23-432D-9791-B45CA5113005}.Debug|Any CPU.Build.0 = Debug|Any CPU
		{FDF52BBA-5E23-432D-9791-B45CA5113005}.Release|Any CPU.ActiveCfg = Release|Any CPU
		{FDF52BBA-5E23-432D-9791-B45CA5113005}.Release|Any CPU.Build.0 = Release|Any CPU
		{6B882F45-A48A-490B-AF03-E2FC22F3DBAE}.Debug|Any CPU.ActiveCfg = Debug|Any CPU
		{6B882F45-A48A-490B-AF03-E2FC22F3DBAE}.Debug|Any CPU.Build.0 = Debug|Any CPU
		{6B882F45-A48A-490B-AF03-E2FC22F3DBAE}.Release|Any CPU.ActiveCfg = Release|Any CPU
		{6B882F45-A48A-490B-AF03-E2FC22F3DBAE}.Release|Any CPU.Build.0 = Release|Any CPU
	EndGlobalSection
	GlobalSection(SolutionProperties) = preSolution
		HideSolutionNode = FALSE
	EndGlobalSection
	GlobalSection(ExtensibilityGlobals) = postSolution
		SolutionGuid = {DE65B56E-A2EE-41DB-94F1-C1BECF88528F}
	EndGlobalSection
EndGlobal
